
Microsoft Visual Studio Solution File, Format Version 12.00
# Visual Studio 15
VisualStudioVersion = 15.0.27130.2036
MinimumVisualStudioVersion = 10.0.40219.1
Project("{2150E333-8FDC-42A3-9474-1A3956D46DE8}") = "Creational", "Creational", "{7BD708B2-9E7A-4507-8761-677EB5DF073E}"
EndProject
Project("{2150E333-8FDC-42A3-9474-1A3956D46DE8}") = "Structural", "Structural", "{0E39176B-9D66-4543-A08B-2EAF1568E4B5}"
EndProject
Project("{2150E333-8FDC-42A3-9474-1A3956D46DE8}") = "Behavioral", "Behavioral", "{2D5AAA21-9764-429C-BBC0-2B8E1E47B788}"
EndProject
Project("{2150E333-8FDC-42A3-9474-1A3956D46DE8}") = "FactoryMethod", "FactoryMethod", "{2205CF9C-0DDB-40E1-9E05-0767ED16F7D4}"
EndProject
Project("{FAE04EC0-301F-11D3-BF4B-00C04F79EFBC}") = "FactoryMethod", "FactoryMethod\FactoryMethod.csproj", "{C0C5CB43-758C-4310-B650-B24C25161E85}"
EndProject
Project("{2150E333-8FDC-42A3-9474-1A3956D46DE8}") = "AbstractFactory", "AbstractFactory", "{366C9415-F603-4E9B-911C-83FE096D9DE0}"
EndProject
Project("{2150E333-8FDC-42A3-9474-1A3956D46DE8}") = "Builder", "Builder", "{07DCAE75-D922-4550-8CCB-3A88F7ACF64B}"
EndProject
Project("{2150E333-8FDC-42A3-9474-1A3956D46DE8}") = "Singleton", "Singleton", "{C3B4DB79-9D33-47C5-AD7A-93CAD1CBF1CE}"
EndProject
Project("{2150E333-8FDC-42A3-9474-1A3956D46DE8}") = "Prototype", "Prototype", "{2CE661B8-1F93-4207-94C1-C431A46FDCD0}"
EndProject
Project("{2150E333-8FDC-42A3-9474-1A3956D46DE8}") = "AdapterPattern", "AdapterPattern", "{80FDE93B-4B41-46C4-BDC3-2CF8ACD5CDCF}"
EndProject
Project("{FAE04EC0-301F-11D3-BF4B-00C04F79EFBC}") = "AdapterPattern", "AdapterPattern\AdapterPattern.csproj", "{32C12FB8-D774-42DE-A47D-64FB4379AB0B}"
EndProject
Project("{2150E333-8FDC-42A3-9474-1A3956D46DE8}") = "Bridge", "Bridge", "{AD624DE2-4B7D-4872-97BC-C4D4DCC21F5A}"
EndProject
Project("{2150E333-8FDC-42A3-9474-1A3956D46DE8}") = "Composite", "Composite", "{663136C6-DEC4-4214-8E35-E8652D506787}"
EndProject
Project("{2150E333-8FDC-42A3-9474-1A3956D46DE8}") = "Decorator", "Decorator", "{A4E02473-DF90-42EC-9D87-1677098B22A1}"
EndProject
Project("{2150E333-8FDC-42A3-9474-1A3956D46DE8}") = "Facade", "Facade", "{5CBF36BA-0B97-40D4-9D1D-63427C8DD5E7}"
EndProject
Project("{2150E333-8FDC-42A3-9474-1A3956D46DE8}") = "Flyweight", "Flyweight", "{39186F11-484D-417E-AAEA-D4587E89C796}"
EndProject
Project("{2150E333-8FDC-42A3-9474-1A3956D46DE8}") = "Proxy", "Proxy", "{2556F5B0-5355-4546-AF01-A35B8A83738D}"
EndProject
Project("{2150E333-8FDC-42A3-9474-1A3956D46DE8}") = "ChainOfResponsibility", "ChainOfResponsibility", "{C1901000-181E-4FFB-8DDD-DBE373CE5AA7}"
EndProject
Project("{2150E333-8FDC-42A3-9474-1A3956D46DE8}") = "Command", "Command", "{BEB88C26-AF45-41A3-83C4-4C24D39414EC}"
EndProject
Project("{2150E333-8FDC-42A3-9474-1A3956D46DE8}") = "Interpreter", "Interpreter", "{530ECB7A-77E0-4279-9FFC-97F21929CAB3}"
EndProject
Project("{2150E333-8FDC-42A3-9474-1A3956D46DE8}") = "Iterator", "Iterator", "{9B9FF286-1C6E-4ECD-B038-0ACCC1009947}"
EndProject
Project("{2150E333-8FDC-42A3-9474-1A3956D46DE8}") = "Mediator", "Mediator", "{F23325BF-4CC3-4EFB-9BBA-E123EE621550}"
EndProject
Project("{2150E333-8FDC-42A3-9474-1A3956D46DE8}") = "Memento", "Memento", "{D370C234-284D-44F5-9858-6D47E08A19F9}"
EndProject
Project("{2150E333-8FDC-42A3-9474-1A3956D46DE8}") = "Observer", "Observer", "{32BE4F3B-236E-41F2-9983-CBB6E98889BC}"
EndProject
Project("{2150E333-8FDC-42A3-9474-1A3956D46DE8}") = "State", "State", "{CA4762FE-2811-45AB-9F82-6FDCF38DB637}"
EndProject
Project("{2150E333-8FDC-42A3-9474-1A3956D46DE8}") = "Strategy", "Strategy", "{804A031C-254F-4DC6-8622-783136286A47}"
EndProject
Project("{2150E333-8FDC-42A3-9474-1A3956D46DE8}") = "Visitor", "Visitor", "{5E2D6E29-60E3-4109-B352-4D4839872780}"
EndProject
Project("{2150E333-8FDC-42A3-9474-1A3956D46DE8}") = "TemplateMethod", "TemplateMethod", "{FD8A929D-1E7A-4485-9386-3EDD2D3E162D}"
EndProject
Project("{FAE04EC0-301F-11D3-BF4B-00C04F79EFBC}") = "Prototype.Tests", "Prototype.Tests\Prototype.Tests.csproj", "{413D3EA1-72C5-421E-B738-C0CFEC7F712D}"
EndProject
Project("{FAE04EC0-301F-11D3-BF4B-00C04F79EFBC}") = "Prototype.JavaScript", "Prototype.JavaScript\Prototype.JavaScript.csproj", "{089FC740-7CFA-4775-848F-D9C52A31059D}"
EndProject
Project("{FAE04EC0-301F-11D3-BF4B-00C04F79EFBC}") = "Prototype.BuiltIn", "Prototype.BuiltIn\Prototype.BuiltIn.csproj", "{92146BC7-7626-4965-8DE6-8F4126ABF0BC}"
EndProject
Project("{FAE04EC0-301F-11D3-BF4B-00C04F79EFBC}") = "Prototype", "Prototype\Prototype.csproj", "{7074B9DE-ED11-41AA-8AA4-54D6D7B134C1}"
EndProject
Project("{FAE04EC0-301F-11D3-BF4B-00C04F79EFBC}") = "Decorator", "Decorator\Decorator.csproj", "{7953E359-764B-408E-B699-12B362CA429F}"
EndProject
Project("{FAE04EC0-301F-11D3-BF4B-00C04F79EFBC}") = "Strategy", "Strategy\Strategy.csproj", "{2158BBD5-6E47-4397-93EC-881ABD80F9DA}"
EndProject
Global
	GlobalSection(SolutionConfigurationPlatforms) = preSolution
		Debug|Any CPU = Debug|Any CPU
		Release|Any CPU = Release|Any CPU
	EndGlobalSection
	GlobalSection(ProjectConfigurationPlatforms) = postSolution
		{C0C5CB43-758C-4310-B650-B24C25161E85}.Debug|Any CPU.ActiveCfg = Debug|Any CPU
		{C0C5CB43-758C-4310-B650-B24C25161E85}.Debug|Any CPU.Build.0 = Debug|Any CPU
		{C0C5CB43-758C-4310-B650-B24C25161E85}.Release|Any CPU.ActiveCfg = Release|Any CPU
		{C0C5CB43-758C-4310-B650-B24C25161E85}.Release|Any CPU.Build.0 = Release|Any CPU
		{32C12FB8-D774-42DE-A47D-64FB4379AB0B}.Debug|Any CPU.ActiveCfg = Debug|Any CPU
		{32C12FB8-D774-42DE-A47D-64FB4379AB0B}.Debug|Any CPU.Build.0 = Debug|Any CPU
		{32C12FB8-D774-42DE-A47D-64FB4379AB0B}.Release|Any CPU.ActiveCfg = Release|Any CPU
		{32C12FB8-D774-42DE-A47D-64FB4379AB0B}.Release|Any CPU.Build.0 = Release|Any CPU
		{413D3EA1-72C5-421E-B738-C0CFEC7F712D}.Debug|Any CPU.ActiveCfg = Debug|Any CPU
		{413D3EA1-72C5-421E-B738-C0CFEC7F712D}.Debug|Any CPU.Build.0 = Debug|Any CPU
		{413D3EA1-72C5-421E-B738-C0CFEC7F712D}.Release|Any CPU.ActiveCfg = Release|Any CPU
		{413D3EA1-72C5-421E-B738-C0CFEC7F712D}.Release|Any CPU.Build.0 = Release|Any CPU
		{089FC740-7CFA-4775-848F-D9C52A31059D}.Debug|Any CPU.ActiveCfg = Debug|Any CPU
		{089FC740-7CFA-4775-848F-D9C52A31059D}.Debug|Any CPU.Build.0 = Debug|Any CPU
		{089FC740-7CFA-4775-848F-D9C52A31059D}.Release|Any CPU.ActiveCfg = Release|Any CPU
		{089FC740-7CFA-4775-848F-D9C52A31059D}.Release|Any CPU.Build.0 = Release|Any CPU
		{92146BC7-7626-4965-8DE6-8F4126ABF0BC}.Debug|Any CPU.ActiveCfg = Debug|Any CPU
		{92146BC7-7626-4965-8DE6-8F4126ABF0BC}.Debug|Any CPU.Build.0 = Debug|Any CPU
		{92146BC7-7626-4965-8DE6-8F4126ABF0BC}.Release|Any CPU.ActiveCfg = Release|Any CPU
		{92146BC7-7626-4965-8DE6-8F4126ABF0BC}.Release|Any CPU.Build.0 = Release|Any CPU
		{7074B9DE-ED11-41AA-8AA4-54D6D7B134C1}.Debug|Any CPU.ActiveCfg = Debug|Any CPU
		{7074B9DE-ED11-41AA-8AA4-54D6D7B134C1}.Debug|Any CPU.Build.0 = Debug|Any CPU
		{7074B9DE-ED11-41AA-8AA4-54D6D7B134C1}.Release|Any CPU.ActiveCfg = Release|Any CPU
		{7074B9DE-ED11-41AA-8AA4-54D6D7B134C1}.Release|Any CPU.Build.0 = Release|Any CPU
		{7953E359-764B-408E-B699-12B362CA429F}.Debug|Any CPU.ActiveCfg = Debug|Any CPU
		{7953E359-764B-408E-B699-12B362CA429F}.Debug|Any CPU.Build.0 = Debug|Any CPU
		{7953E359-764B-408E-B699-12B362CA429F}.Release|Any CPU.ActiveCfg = Release|Any CPU
		{7953E359-764B-408E-B699-12B362CA429F}.Release|Any CPU.Build.0 = Release|Any CPU
		{2158BBD5-6E47-4397-93EC-881ABD80F9DA}.Debug|Any CPU.ActiveCfg = Debug|Any CPU
		{2158BBD5-6E47-4397-93EC-881ABD80F9DA}.Debug|Any CPU.Build.0 = Debug|Any CPU
		{2158BBD5-6E47-4397-93EC-881ABD80F9DA}.Release|Any CPU.ActiveCfg = Release|Any CPU
		{2158BBD5-6E47-4397-93EC-881ABD80F9DA}.Release|Any CPU.Build.0 = Release|Any CPU
	EndGlobalSection
	GlobalSection(SolutionProperties) = preSolution
		HideSolutionNode = FALSE
	EndGlobalSection
	GlobalSection(NestedProjects) = preSolution
		{2205CF9C-0DDB-40E1-9E05-0767ED16F7D4} = {7BD708B2-9E7A-4507-8761-677EB5DF073E}
		{C0C5CB43-758C-4310-B650-B24C25161E85} = {2205CF9C-0DDB-40E1-9E05-0767ED16F7D4}
		{366C9415-F603-4E9B-911C-83FE096D9DE0} = {7BD708B2-9E7A-4507-8761-677EB5DF073E}
		{07DCAE75-D922-4550-8CCB-3A88F7ACF64B} = {7BD708B2-9E7A-4507-8761-677EB5DF073E}
		{C3B4DB79-9D33-47C5-AD7A-93CAD1CBF1CE} = {7BD708B2-9E7A-4507-8761-677EB5DF073E}
		{2CE661B8-1F93-4207-94C1-C431A46FDCD0} = {7BD708B2-9E7A-4507-8761-677EB5DF073E}
		{80FDE93B-4B41-46C4-BDC3-2CF8ACD5CDCF} = {0E39176B-9D66-4543-A08B-2EAF1568E4B5}
		{32C12FB8-D774-42DE-A47D-64FB4379AB0B} = {80FDE93B-4B41-46C4-BDC3-2CF8ACD5CDCF}
		{AD624DE2-4B7D-4872-97BC-C4D4DCC21F5A} = {0E39176B-9D66-4543-A08B-2EAF1568E4B5}
		{663136C6-DEC4-4214-8E35-E8652D506787} = {0E39176B-9D66-4543-A08B-2EAF1568E4B5}
		{A4E02473-DF90-42EC-9D87-1677098B22A1} = {0E39176B-9D66-4543-A08B-2EAF1568E4B5}
		{5CBF36BA-0B97-40D4-9D1D-63427C8DD5E7} = {0E39176B-9D66-4543-A08B-2EAF1568E4B5}
		{39186F11-484D-417E-AAEA-D4587E89C796} = {0E39176B-9D66-4543-A08B-2EAF1568E4B5}
		{2556F5B0-5355-4546-AF01-A35B8A83738D} = {0E39176B-9D66-4543-A08B-2EAF1568E4B5}
		{C1901000-181E-4FFB-8DDD-DBE373CE5AA7} = {2D5AAA21-9764-429C-BBC0-2B8E1E47B788}
		{BEB88C26-AF45-41A3-83C4-4C24D39414EC} = {2D5AAA21-9764-429C-BBC0-2B8E1E47B788}
		{530ECB7A-77E0-4279-9FFC-97F21929CAB3} = {2D5AAA21-9764-429C-BBC0-2B8E1E47B788}
		{9B9FF286-1C6E-4ECD-B038-0ACCC1009947} = {2D5AAA21-9764-429C-BBC0-2B8E1E47B788}
		{F23325BF-4CC3-4EFB-9BBA-E123EE621550} = {2D5AAA21-9764-429C-BBC0-2B8E1E47B788}
		{D370C234-284D-44F5-9858-6D47E08A19F9} = {2D5AAA21-9764-429C-BBC0-2B8E1E47B788}
		{32BE4F3B-236E-41F2-9983-CBB6E98889BC} = {2D5AAA21-9764-429C-BBC0-2B8E1E47B788}
		{CA4762FE-2811-45AB-9F82-6FDCF38DB637} = {2D5AAA21-9764-429C-BBC0-2B8E1E47B788}
		{804A031C-254F-4DC6-8622-783136286A47} = {2D5AAA21-9764-429C-BBC0-2B8E1E47B788}
		{5E2D6E29-60E3-4109-B352-4D4839872780} = {2D5AAA21-9764-429C-BBC0-2B8E1E47B788}
		{FD8A929D-1E7A-4485-9386-3EDD2D3E162D} = {2D5AAA21-9764-429C-BBC0-2B8E1E47B788}
		{413D3EA1-72C5-421E-B738-C0CFEC7F712D} = {2CE661B8-1F93-4207-94C1-C431A46FDCD0}
		{089FC740-7CFA-4775-848F-D9C52A31059D} = {2CE661B8-1F93-4207-94C1-C431A46FDCD0}
		{92146BC7-7626-4965-8DE6-8F4126ABF0BC} = {2CE661B8-1F93-4207-94C1-C431A46FDCD0}
		{7074B9DE-ED11-41AA-8AA4-54D6D7B134C1} = {2CE661B8-1F93-4207-94C1-C431A46FDCD0}
		{7953E359-764B-408E-B699-12B362CA429F} = {A4E02473-DF90-42EC-9D87-1677098B22A1}
		{2158BBD5-6E47-4397-93EC-881ABD80F9DA} = {804A031C-254F-4DC6-8622-783136286A47}
	EndGlobalSection
	GlobalSection(ExtensibilityGlobals) = postSolution
		SolutionGuid = {AC4E6F0B-0AC3-484D-8832-7FF42F27BFBB}
	EndGlobalSection
EndGlobal
